github.com/corbym/gocrest v1.1.1 h1:lry77EvxdkHVL9XaPf0uHTcRPZi9jOXvUbdxhV7djYc=
github.com/corbym/gocrest v1.1.1/go.mod h1:vhNebfdBGx5l0Nh0OM/CvIVqGAnR9AAbI5qA9OxRUOU=
github.com/dpapathanasiou/go-recaptcha v0.0.0-20190121160230-be5090b17804 h1:gFnPvL9HX+Nrb4M2AwzFYqcwGStxYZpuDpFAqpViBG4=
github.com/dpapathanasiou/go-recaptcha v0.0.0-20190121160230-be5090b17804/go.mod h1:eovtlS/D2AGk8vy2a9sO4XzOyHMHb8jM+WPsf9pkgFo=
